
Microsoft Visual Studio Solution File, Format Version 12.00
# Visual Studio 15
VisualStudioVersion = 15.0.26730.16
MinimumVisualStudioVersion = 10.0.40219.1
Project("{FAE04EC0-301F-11D3-BF4B-00C04F79EFBC}") = "Wu.Framework.Web", "Wu.Framework\Wu.Framework.Web.csproj", "{4F9670F1-8623-48F1-8E56-D67B292FAC68}"
EndProject
Project("{FAE04EC0-301F-11D3-BF4B-00C04F79EFBC}") = "Wu.Framework.Tests", "Wu.Framework.Tests\Wu.Framework.Tests.csproj", "{24368A04-FF76-4659-886E-288A0EFD7F8E}"
EndProject
Project("{2150E333-8FDC-42A3-9474-1A3956D46DE8}") = "Project", "Project", "{5EDAF6A1-8154-4B5A-B850-631B011B211F}"
EndProject
Project("{FAE04EC0-301F-11D3-BF4B-00C04F79EFBC}") = "Wu.Framework.Entity", "Wu.Framework\Modules\Wu.Framework.Entity\Wu.Framework.Entity.csproj", "{3D033384-D38E-40B0-8E44-3339BAC49CB2}"
EndProject
Project("{FAE04EC0-301F-11D3-BF4B-00C04F79EFBC}") = "Wu.Framework.Core", "Wu.Framework\Modules\Wu.Framework.Core\Wu.Framework.Core.csproj", "{D3C80202-83F6-46BF-9034-1122C3D569EC}"
EndProject
Project("{FAE04EC0-301F-11D3-BF4B-00C04F79EFBC}") = "Wu.Framework.Data", "Wu.Framework\Modules\Wu.Framework.Data\Wu.Framework.Data.csproj", "{52CD9B21-ED90-48DB-BA20-E4FAC1516CFE}"
EndProject
Global
	GlobalSection(SolutionConfigurationPlatforms) = preSolution
		Debug|Any CPU = Debug|Any CPU
		Release|Any CPU = Release|Any CPU
	EndGlobalSection
	GlobalSection(ProjectConfigurationPlatforms) = postSolution
		{4F9670F1-8623-48F1-8E56-D67B292FAC68}.Debug|Any CPU.ActiveCfg = Debug|Any CPU
		{4F9670F1-8623-48F1-8E56-D67B292FAC68}.Debug|Any CPU.Build.0 = Debug|Any CPU
		{4F9670F1-8623-48F1-8E56-D67B292FAC68}.Release|Any CPU.ActiveCfg = Release|Any CPU
		{4F9670F1-8623-48F1-8E56-D67B292FAC68}.Release|Any CPU.Build.0 = Release|Any CPU
		{24368A04-FF76-4659-886E-288A0EFD7F8E}.Debug|Any CPU.ActiveCfg = Debug|Any CPU
		{24368A04-FF76-4659-886E-288A0EFD7F8E}.Debug|Any CPU.Build.0 = Debug|Any CPU
		{24368A04-FF76-4659-886E-288A0EFD7F8E}.Release|Any CPU.ActiveCfg = Release|Any CPU
		{24368A04-FF76-4659-886E-288A0EFD7F8E}.Release|Any CPU.Build.0 = Release|Any CPU
		{3D033384-D38E-40B0-8E44-3339BAC49CB2}.Debug|Any CPU.ActiveCfg = Debug|Any CPU
		{3D033384-D38E-40B0-8E44-3339BAC49CB2}.Debug|Any CPU.Build.0 = Debug|Any CPU
		{3D033384-D38E-40B0-8E44-3339BAC49CB2}.Release|Any CPU.ActiveCfg = Release|Any CPU
		{3D033384-D38E-40B0-8E44-3339BAC49CB2}.Release|Any CPU.Build.0 = Release|Any CPU
		{D3C80202-83F6-46BF-9034-1122C3D569EC}.Debug|Any CPU.ActiveCfg = Debug|Any CPU
		{D3C80202-83F6-46BF-9034-1122C3D569EC}.Debug|Any CPU.Build.0 = Debug|Any CPU
		{D3C80202-83F6-46BF-9034-1122C3D569EC}.Release|Any CPU.ActiveCfg = Release|Any CPU
		{D3C80202-83F6-46BF-9034-1122C3D569EC}.Release|Any CPU.Build.0 = Release|Any CPU
		{52CD9B21-ED90-48DB-BA20-E4FAC1516CFE}.Debug|Any CPU.ActiveCfg = Debug|Any CPU
		{52CD9B21-ED90-48DB-BA20-E4FAC1516CFE}.Debug|Any CPU.Build.0 = Debug|Any CPU
		{52CD9B21-ED90-48DB-BA20-E4FAC1516CFE}.Release|Any CPU.ActiveCfg = Release|Any CPU
		{52CD9B21-ED90-48DB-BA20-E4FAC1516CFE}.Release|Any CPU.Build.0 = Release|Any CPU
	EndGlobalSection
	GlobalSection(SolutionProperties) = preSolution
		HideSolutionNode = FALSE
	EndGlobalSection
	GlobalSection(NestedProjects) = preSolution
		{3D033384-D38E-40B0-8E44-3339BAC49CB2} = {5EDAF6A1-8154-4B5A-B850-631B011B211F}
		{D3C80202-83F6-46BF-9034-1122C3D569EC} = {5EDAF6A1-8154-4B5A-B850-631B011B211F}
		{52CD9B21-ED90-48DB-BA20-E4FAC1516CFE} = {5EDAF6A1-8154-4B5A-B850-631B011B211F}
	EndGlobalSection
	GlobalSection(ExtensibilityGlobals) = postSolution
		SolutionGuid = {88DBE156-4A79-40CC-814F-4915A0FDD888}
	EndGlobalSection
EndGlobal
